
Microsoft Visual Studio Solution File, Format Version 12.00
# Visual Studio Version 16
VisualStudioVersion = 16.0.29306.81
MinimumVisualStudioVersion = 10.0.40219.1
Project("{8BC9CEB8-8B4A-11D0-8D11-00A0C91BC942}") = "baseConverter", "baseConverter\baseConverter.vcxproj", "{0B7FC5A5-D511-4442-A350-62A05004697B}"
EndProject
Global
	GlobalSection(SolutionConfigurationPlatforms) = preSolution
		Debug|x64 = Debug|x64
		Debug|x86 = Debug|x86
		Release|x64 = Release|x64
		Release|x86 = Release|x86
	EndGlobalSection
	GlobalSection(ProjectConfigurationPlatforms) = postSolution
		{0B7FC5A5-D511-4442-A350-62A05004697B}.Debug|x64.ActiveCfg = Debug|x64
		{0B7FC5A5-D511-4442-A350-62A05004697B}.Debug|x64.Build.0 = Debug|x64
		{0B7FC5A5-D511-4442-A350-62A05004697B}.Debug|x86.ActiveCfg = Debug|Win32
		{0B7FC5A5-D511-4442-A350-62A05004697B}.Debug|x86.Build.0 = Debug|Win32
		{0B7FC5A5-D511-4442-A350-62A05004697B}.Release|x64.ActiveCfg = Release|x64
		{0B7FC5A5-D511-4442-A350-62A05004697B}.Release|x64.Build.0 = Release|x64
		{0B7FC5A5-D511-4442-A350-62A05004697B}.Release|x86.ActiveCfg = Release|Win32
		{0B7FC5A5-D511-4442-A350-62A05004697B}.Release|x86.Build.0 = Release|Win32
	EndGlobalSection
	GlobalSection(SolutionProperties) = preSolution
		HideSolutionNode = FALSE
	EndGlobalSection
	GlobalSection(ExtensibilityGlobals) = postSolution
		SolutionGuid = {4B473B84-E16C-4C90-B721-5B17BF8E69B6}
	EndGlobalSection
EndGlobal
